// !$*UTF8*$!
{
	archiveVersion = 1;
	classes = {
	};
	objectVersion = 51;
	objects = {

/* Begin PBXBuildFile section */
		D17EDB5C2437836400B24C26 /* HistoryEntry.swift in Sources */ = {isa = PBXBuildFile; fileRef = D17EDB5B2437836400B24C26 /* HistoryEntry.swift */; };
		D17EDB5E2437848F00B24C26 /* HistoryManager.swift in Sources */ = {isa = PBXBuildFile; fileRef = D17EDB5D2437848F00B24C26 /* HistoryManager.swift */; };
		D17EDBA8243A369300B24C26 /* MainViewController.swift in Sources */ = {isa = PBXBuildFile; fileRef = D17EDBA7243A369300B24C26 /* MainViewController.swift */; };
		D17EDBAA243A40B500B24C26 /* credentials.json in Resources */ = {isa = PBXBuildFile; fileRef = D17EDBA9243A40B500B24C26 /* credentials.json */; };
		D18D87AF243E306D009BFAD0 /* Main.storyboard in Resources */ = {isa = PBXBuildFile; fileRef = D18D87B1243E306D009BFAD0 /* Main.storyboard */; };
		D18D87B8243E312C009BFAD0 /* Localizable.strings in Resources */ = {isa = PBXBuildFile; fileRef = D18D87BA243E312C009BFAD0 /* Localizable.strings */; };
		D18D87BE243E3561009BFAD0 /* InfoPlist.strings in Resources */ = {isa = PBXBuildFile; fileRef = D18D87C0243E3561009BFAD0 /* InfoPlist.strings */; };
		D1EA2233243613D800E3F18B /* AppDelegate.swift in Sources */ = {isa = PBXBuildFile; fileRef = D1EA2232243613D800E3F18B /* AppDelegate.swift */; };
		D1EA2235243613D900E3F18B /* SceneDelegate.swift in Sources */ = {isa = PBXBuildFile; fileRef = D1EA2234243613D900E3F18B /* SceneDelegate.swift */; };
		D1EA2239243613DC00E3F18B /* Assets.xcassets in Resources */ = {isa = PBXBuildFile; fileRef = D1EA2238243613DC00E3F18B /* Assets.xcassets */; };
		D1EA223C243613DC00E3F18B /* Preview Assets.xcassets in Resources */ = {isa = PBXBuildFile; fileRef = D1EA223B243613DC00E3F18B /* Preview Assets.xcassets */; };
		D1EA223F243613DC00E3F18B /* LaunchScreen.storyboard in Resources */ = {isa = PBXBuildFile; fileRef = D1EA223D243613DC00E3F18B /* LaunchScreen.storyboard */; };
		D1EA22492436155A00E3F18B /* .gitignore in Resources */ = {isa = PBXBuildFile; fileRef = D1EA22482436155A00E3F18B /* .gitignore */; };
		D1EA224B243615C500E3F18B /* TemperatureManager.swift in Sources */ = {isa = PBXBuildFile; fileRef = D1EA224A243615C500E3F18B /* TemperatureManager.swift */; };
		D1EA224D24361D7400E3F18B /* certificate.p12 in Resources */ = {isa = PBXBuildFile; fileRef = D1EA224C24361A8700E3F18B /* certificate.p12 */; };
		D1EA224F24361E5700E3F18B /* AWSShadow.swift in Sources */ = {isa = PBXBuildFile; fileRef = D1EA224E24361E5700E3F18B /* AWSShadow.swift */; };
		D9A5568BB0BBF94F3F19BF45 /* Pods_TemperatureSensor.framework in Frameworks */ = {isa = PBXBuildFile; fileRef = 711A35BF5823227473C19929 /* Pods_TemperatureSensor.framework */; };
/* End PBXBuildFile section */

/* Begin PBXFileReference section */
		711A35BF5823227473C19929 /* Pods_TemperatureSensor.framework */ = {isa = PBXFileReference; explicitFileType = wrapper.framework; includeInIndex = 0; path = Pods_TemperatureSensor.framework; sourceTree = BUILT_PRODUCTS_DIR; };
		761A59F57C1E46A2CE654C4B /* Pods-TemperatureSensor.debug.xcconfig */ = {isa = PBXFileReference; includeInIndex = 1; lastKnownFileType = text.xcconfig; name = "Pods-TemperatureSensor.debug.xcconfig"; path = "Target Support Files/Pods-TemperatureSensor/Pods-TemperatureSensor.debug.xcconfig"; sourceTree = "<group>"; };
		78599C81C34D9A4F32F5EBD3 /* Pods-TemperatureSensor.release.xcconfig */ = {isa = PBXFileReference; includeInIndex = 1; lastKnownFileType = text.xcconfig; name = "Pods-TemperatureSensor.release.xcconfig"; path = "Target Support Files/Pods-TemperatureSensor/Pods-TemperatureSensor.release.xcconfig"; sourceTree = "<group>"; };
		D17EDB5B2437836400B24C26 /* HistoryEntry.swift */ = {isa = PBXFileReference; lastKnownFileType = sourcecode.swift; path = HistoryEntry.swift; sourceTree = "<group>"; };
		D17EDB5D2437848F00B24C26 /* HistoryManager.swift */ = {isa = PBXFileReference; lastKnownFileType = sourcecode.swift; path = HistoryManager.swift; sourceTree = "<group>"; };
		D17EDBA7243A369300B24C26 /* MainViewController.swift */ = {isa = PBXFileReference; lastKnownFileType = sourcecode.swift; path = MainViewController.swift; sourceTree = "<group>"; };
		D17EDBA9243A40B500B24C26 /* credentials.json */ = {isa = PBXFileReference; lastKnownFileType = text.json; path = credentials.json; sourceTree = "<group>"; };
		D18D87B0243E306D009BFAD0 /* Base */ = {isa = PBXFileReference; lastKnownFileType = file.storyboard; name = Base; path = Base.lproj/Main.storyboard; sourceTree = "<group>"; };
		D18D87B3243E3072009BFAD0 /* en */ = {isa = PBXFileReference; lastKnownFileType = text.plist.strings; name = en; path = en.lproj/Main.strings; sourceTree = "<group>"; };
		D18D87B4243E308E009BFAD0 /* ru */ = {isa = PBXFileReference; lastKnownFileType = text.plist.strings; name = ru; path = ru.lproj/Main.strings; sourceTree = "<group>"; };
		D18D87B5243E308E009BFAD0 /* ru */ = {isa = PBXFileReference; lastKnownFileType = text.plist.strings; name = ru; path = ru.lproj/LaunchScreen.strings; sourceTree = "<group>"; };
		D18D87B9243E312C009BFAD0 /* en */ = {isa = PBXFileReference; lastKnownFileType = text.plist.strings; name = en; path = en.lproj/Localizable.strings; sourceTree = "<group>"; };
		D18D87BB243E312E009BFAD0 /* ru */ = {isa = PBXFileReference; lastKnownFileType = text.plist.strings; name = ru; path = ru.lproj/Localizable.strings; sourceTree = "<group>"; };
		D18D87BF243E3561009BFAD0 /* en */ = {isa = PBXFileReference; lastKnownFileType = text.plist.strings; name = en; path = en.lproj/InfoPlist.strings; sourceTree = "<group>"; };
		D18D87C1243E3562009BFAD0 /* ru */ = {isa = PBXFileReference; lastKnownFileType = text.plist.strings; name = ru; path = ru.lproj/InfoPlist.strings; sourceTree = "<group>"; };
		D1B8023F24364978000EBB15 /* TemperatureSensor.entitlements */ = {isa = PBXFileReference; lastKnownFileType = text.plist.entitlements; path = TemperatureSensor.entitlements; sourceTree = "<group>"; };
		D1EA222F243613D800E3F18B /* TemperatureSensor.app */ = {isa = PBXFileReference; explicitFileType = wrapper.application; includeInIndex = 0; path = TemperatureSensor.app; sourceTree = BUILT_PRODUCTS_DIR; };
		D1EA2232243613D800E3F18B /* AppDelegate.swift */ = {isa = PBXFileReference; lastKnownFileType = sourcecode.swift; path = AppDelegate.swift; sourceTree = "<group>"; };
		D1EA2234243613D900E3F18B /* SceneDelegate.swift */ = {isa = PBXFileReference; lastKnownFileType = sourcecode.swift; path = SceneDelegate.swift; sourceTree = "<group>"; };
		D1EA2238243613DC00E3F18B /* Assets.xcassets */ = {isa = PBXFileReference; lastKnownFileType = folder.assetcatalog; path = Assets.xcassets; sourceTree = "<group>"; };
		D1EA223B243613DC00E3F18B /* Preview Assets.xcassets */ = {isa = PBXFileReference; lastKnownFileType = folder.assetcatalog; path = "Preview Assets.xcassets"; sourceTree = "<group>"; };
		D1EA223E243613DC00E3F18B /* Base */ = {isa = PBXFileReference; lastKnownFileType = file.storyboard; name = Base; path = Base.lproj/LaunchScreen.storyboard; sourceTree = "<group>"; };
		D1EA2240243613DC00E3F18B /* Info.plist */ = {isa = PBXFileReference; lastKnownFileType = text.plist.xml; path = Info.plist; sourceTree = "<group>"; };
		D1EA22482436155A00E3F18B /* .gitignore */ = {isa = PBXFileReference; fileEncoding = 4; lastKnownFileType = text; path = .gitignore; sourceTree = "<group>"; };
		D1EA224A243615C500E3F18B /* TemperatureManager.swift */ = {isa = PBXFileReference; lastKnownFileType = sourcecode.swift; path = TemperatureManager.swift; sourceTree = "<group>"; };
		D1EA224C24361A8700E3F18B /* certificate.p12 */ = {isa = PBXFileReference; lastKnownFileType = file; path = certificate.p12; sourceTree = "<group>"; };
		D1EA224E24361E5700E3F18B /* AWSShadow.swift */ = {isa = PBXFileReference; lastKnownFileType = sourcecode.swift; path = AWSShadow.swift; sourceTree = "<group>"; };
/* End PBXFileReference section */

/* Begin PBXFrameworksBuildPhase section */
		D1EA222C243613D800E3F18B /* Frameworks */ = {
			isa = PBXFrameworksBuildPhase;
			buildActionMask = 2147483647;
			files = (
				D9A5568BB0BBF94F3F19BF45 /* Pods_TemperatureSensor.framework in Frameworks */,
			);
			runOnlyForDeploymentPostprocessing = 0;
		};
/* End PBXFrameworksBuildPhase section */

/* Begin PBXGroup section */
		3D07BF52EFB1602F73119AA9 /* Pods */ = {
			isa = PBXGroup;
			children = (
				761A59F57C1E46A2CE654C4B /* Pods-TemperatureSensor.debug.xcconfig */,
				78599C81C34D9A4F32F5EBD3 /* Pods-TemperatureSensor.release.xcconfig */,
			);
			path = Pods;
			sourceTree = "<group>";
		};
		5C1D0324731932B114819EAD /* Frameworks */ = {
			isa = PBXGroup;
			children = (
				711A35BF5823227473C19929 /* Pods_TemperatureSensor.framework */,
			);
			name = Frameworks;
			sourceTree = "<group>";
		};
		D17EDBA3243A348300B24C26 /* Models */ = {
			isa = PBXGroup;
			children = (
				D1EA224E24361E5700E3F18B /* AWSShadow.swift */,
				D17EDB5B2437836400B24C26 /* HistoryEntry.swift */,
			);
			path = Models;
			sourceTree = "<group>";
		};
		D17EDBA4243A348E00B24C26 /* Managers */ = {
			isa = PBXGroup;
			children = (
				D1EA224A243615C500E3F18B /* TemperatureManager.swift */,
				D17EDB5D2437848F00B24C26 /* HistoryManager.swift */,
			);
			path = Managers;
			sourceTree = "<group>";
		};
		D1EA2226243613D800E3F18B = {
			isa = PBXGroup;
			children = (
				D1EA22482436155A00E3F18B /* .gitignore */,
				D1EA224C24361A8700E3F18B /* certificate.p12 */,
				D17EDBA9243A40B500B24C26 /* credentials.json */,
				D1EA2231243613D800E3F18B /* TemperatureSensor */,
				D1EA2230243613D800E3F18B /* Products */,
				3D07BF52EFB1602F73119AA9 /* Pods */,
				5C1D0324731932B114819EAD /* Frameworks */,
			);
			sourceTree = "<group>";
		};
		D1EA2230243613D800E3F18B /* Products */ = {
			isa = PBXGroup;
			children = (
				D1EA222F243613D800E3F18B /* TemperatureSensor.app */,
			);
			name = Products;
			sourceTree = "<group>";
		};
		D1EA2231243613D800E3F18B /* TemperatureSensor */ = {
			isa = PBXGroup;
			children = (
				D1B8023F24364978000EBB15 /* TemperatureSensor.entitlements */,
				D1EA2232243613D800E3F18B /* AppDelegate.swift */,
				D1EA2234243613D900E3F18B /* SceneDelegate.swift */,
				D17EDBA7243A369300B24C26 /* MainViewController.swift */,
				D17EDBA4243A348E00B24C26 /* Managers */,
				D17EDBA3243A348300B24C26 /* Models */,
				D1EA2238243613DC00E3F18B /* Assets.xcassets */,
				D18D87B1243E306D009BFAD0 /* Main.storyboard */,
				D1EA223D243613DC00E3F18B /* LaunchScreen.storyboard */,
				D1EA2240243613DC00E3F18B /* Info.plist */,
				D18D87C0243E3561009BFAD0 /* InfoPlist.strings */,
				D18D87BA243E312C009BFAD0 /* Localizable.strings */,
				D1EA223A243613DC00E3F18B /* Preview Content */,
			);
			path = TemperatureSensor;
			sourceTree = "<group>";
		};
		D1EA223A243613DC00E3F18B /* Preview Content */ = {
			isa = PBXGroup;
			children = (
				D1EA223B243613DC00E3F18B /* Preview Assets.xcassets */,
			);
			path = "Preview Content";
			sourceTree = "<group>";
		};
/* End PBXGroup section */

/* Begin PBXNativeTarget section */
		D1EA222E243613D800E3F18B /* TemperatureSensor */ = {
			isa = PBXNativeTarget;
			buildConfigurationList = D1EA2243243613DC00E3F18B /* Build configuration list for PBXNativeTarget "TemperatureSensor" */;
			buildPhases = (
				DCAC7C22467CBDDC3F367655 /* [CP] Check Pods Manifest.lock */,
				D1EA222B243613D800E3F18B /* Sources */,
				D1EA222C243613D800E3F18B /* Frameworks */,
				D1EA222D243613D800E3F18B /* Resources */,
				D162BC78C45721AA93994C69 /* [CP] Embed Pods Frameworks */,
			);
			buildRules = (
			);
			dependencies = (
			);
			name = TemperatureSensor;
			packageProductDependencies = (
			);
			productName = TemperatureSensor;
			productReference = D1EA222F243613D800E3F18B /* TemperatureSensor.app */;
			productType = "com.apple.product-type.application";
		};
/* End PBXNativeTarget section */

/* Begin PBXProject section */
		D1EA2227243613D800E3F18B /* Project object */ = {
			isa = PBXProject;
			attributes = {
				LastSwiftUpdateCheck = 1140;
				LastUpgradeCheck = 1140;
				ORGANIZATIONNAME = Esobol;
				TargetAttributes = {
					D1EA222E243613D800E3F18B = {
						CreatedOnToolsVersion = 11.4;
					};
				};
			};
			buildConfigurationList = D1EA222A243613D800E3F18B /* Build configuration list for PBXProject "TemperatureSensor" */;
			compatibilityVersion = "Xcode 9.3";
			developmentRegion = en;
			hasScannedForEncodings = 0;
			knownRegions = (
				en,
				Base,
				ru,
			);
			mainGroup = D1EA2226243613D800E3F18B;
			packageReferences = (
			);
			productRefGroup = D1EA2230243613D800E3F18B /* Products */;
			projectDirPath = "";
			projectRoot = "";
			targets = (
				D1EA222E243613D800E3F18B /* TemperatureSensor */,
			);
		};
/* End PBXProject section */

/* Begin PBXResourcesBuildPhase section */
		D1EA222D243613D800E3F18B /* Resources */ = {
			isa = PBXResourcesBuildPhase;
			buildActionMask = 2147483647;
			files = (
				D1EA22492436155A00E3F18B /* .gitignore in Resources */,
				D18D87AF243E306D009BFAD0 /* Main.storyboard in Resources */,
				D1EA223F243613DC00E3F18B /* LaunchScreen.storyboard in Resources */,
				D1EA224D24361D7400E3F18B /* certificate.p12 in Resources */,
				D17EDBAA243A40B500B24C26 /* credentials.json in Resources */,
				D18D87B8243E312C009BFAD0 /* Localizable.strings in Resources */,
				D1EA223C243613DC00E3F18B /* Preview Assets.xcassets in Resources */,
				D18D87BE243E3561009BFAD0 /* InfoPlist.strings in Resources */,
				D1EA2239243613DC00E3F18B /* Assets.xcassets in Resources */,
			);
			runOnlyForDeploymentPostprocessing = 0;
		};
/* End PBXResourcesBuildPhase section */

/* Begin PBXShellScriptBuildPhase section */
		D162BC78C45721AA93994C69 /* [CP] Embed Pods Frameworks */ = {
			isa = PBXShellScriptBuildPhase;
			buildActionMask = 2147483647;
			files = (
			);
			inputFileListPaths = (
				"${PODS_ROOT}/Target Support Files/Pods-TemperatureSensor/Pods-TemperatureSensor-frameworks-${CONFIGURATION}-input-files.xcfilelist",
			);
			name = "[CP] Embed Pods Frameworks";
			outputFileListPaths = (
				"${PODS_ROOT}/Target Support Files/Pods-TemperatureSensor/Pods-TemperatureSensor-frameworks-${CONFIGURATION}-output-files.xcfilelist",
			);
			runOnlyForDeploymentPostprocessing = 0;
			shellPath = /bin/sh;
			shellScript = "\"${PODS_ROOT}/Target Support Files/Pods-TemperatureSensor/Pods-TemperatureSensor-frameworks.sh\"\n";
			showEnvVarsInLog = 0;
		};
		DCAC7C22467CBDDC3F367655 /* [CP] Check Pods Manifest.lock */ = {
			isa = PBXShellScriptBuildPhase;
			buildActionMask = 2147483647;
			files = (
			);
			inputFileListPaths = (
			);
			inputPaths = (
				"${PODS_PODFILE_DIR_PATH}/Podfile.lock",
				"${PODS_ROOT}/Manifest.lock",
			);
			name = "[CP] Check Pods Manifest.lock";
			outputFileListPaths = (
			);
			outputPaths = (
				"$(DERIVED_FILE_DIR)/Pods-TemperatureSensor-checkManifestLockResult.txt",
			);
			runOnlyForDeploymentPostprocessing = 0;
			shellPath = /bin/sh;
			shellScript = "diff \"${PODS_PODFILE_DIR_PATH}/Podfile.lock\" \"${PODS_ROOT}/Manifest.lock\" > /dev/null\nif [ $? != 0 ] ; then\n    # print error to STDERR\n    echo \"error: The sandbox is not in sync with the Podfile.lock. Run 'pod install' or update your CocoaPods installation.\" >&2\n    exit 1\nfi\n# This output is used by Xcode 'outputs' to avoid re-running this script phase.\necho \"SUCCESS\" > \"${SCRIPT_OUTPUT_FILE_0}\"\n";
			showEnvVarsInLog = 0;
		};
/* End PBXShellScriptBuildPhase section */

/* Begin PBXSourcesBuildPhase section */
		D1EA222B243613D800E3F18B /* Sources */ = {
			isa = PBXSourcesBuildPhase;
			buildActionMask = 2147483647;
			files = (
				D17EDBA8243A369300B24C26 /* MainViewController.swift in Sources */,
				D1EA224B243615C500E3F18B /* TemperatureManager.swift in Sources */,
				D17EDB5C2437836400B24C26 /* HistoryEntry.swift in Sources */,
				D1EA2233243613D800E3F18B /* AppDelegate.swift in Sources */,
				D1EA2235243613D900E3F18B /* SceneDelegate.swift in Sources */,
				D17EDB5E2437848F00B24C26 /* HistoryManager.swift in Sources */,
				D1EA224F24361E5700E3F18B /* AWSShadow.swift in Sources */,
			);
			runOnlyForDeploymentPostprocessing = 0;
		};
/* End PBXSourcesBuildPhase section */

/* Begin PBXVariantGroup section */
		D18D87B1243E306D009BFAD0 /* Main.storyboard */ = {
			isa = PBXVariantGroup;
			children = (
				D18D87B0243E306D009BFAD0 /* Base */,
				D18D87B3243E3072009BFAD0 /* en */,
				D18D87B4243E308E009BFAD0 /* ru */,
			);
			name = Main.storyboard;
			sourceTree = "<group>";
		};
		D18D87BA243E312C009BFAD0 /* Localizable.strings */ = {
			isa = PBXVariantGroup;
			children = (
				D18D87B9243E312C009BFAD0 /* en */,
				D18D87BB243E312E009BFAD0 /* ru */,
			);
			name = Localizable.strings;
			sourceTree = "<group>";
		};
		D18D87C0243E3561009BFAD0 /* InfoPlist.strings */ = {
			isa = PBXVariantGroup;
			children = (
				D18D87BF243E3561009BFAD0 /* en */,
				D18D87C1243E3562009BFAD0 /* ru */,
			);
			name = InfoPlist.strings;
			sourceTree = "<group>";
		};
		D1EA223D243613DC00E3F18B /* LaunchScreen.storyboard */ = {
			isa = PBXVariantGroup;
			children = (
				D1EA223E243613DC00E3F18B /* Base */,
				D18D87B5243E308E009BFAD0 /* ru */,
			);
			name = LaunchScreen.storyboard;
			sourceTree = "<group>";
		};
/* End PBXVariantGroup section */

/* Begin XCBuildConfiguration section */
		D1EA2241243613DC00E3F18B /* Debug */ = {
			isa = XCBuildConfiguration;
			buildSettings = {
				ALWAYS_SEARCH_USER_PATHS = NO;
				CLANG_ANALYZER_LOCALIZABILITY_NONLOCALIZED = YES;
				CLANG_ANALYZER_NONNULL = YES;
				CLANG_ANALYZER_NUMBER_OBJECT_CONVERSION = YES_AGGRESSIVE;
				CLANG_CXX_LANGUAGE_STANDARD = "gnu++14";
				CLANG_CXX_LIBRARY = "libc++";
				CLANG_ENABLE_MODULES = YES;
				CLANG_ENABLE_OBJC_ARC = YES;
				CLANG_ENABLE_OBJC_WEAK = YES;
				CLANG_WARN_BLOCK_CAPTURE_AUTORELEASING = YES;
				CLANG_WARN_BOOL_CONVERSION = YES;
				CLANG_WARN_COMMA = YES;
				CLANG_WARN_CONSTANT_CONVERSION = YES;
				CLANG_WARN_DEPRECATED_OBJC_IMPLEMENTATIONS = YES;
				CLANG_WARN_DIRECT_OBJC_ISA_USAGE = YES_ERROR;
				CLANG_WARN_DOCUMENTATION_COMMENTS = YES;
				CLANG_WARN_EMPTY_BODY = YES;
				CLANG_WARN_ENUM_CONVERSION = YES;
				CLANG_WARN_INFINITE_RECURSION = YES;
				CLANG_WARN_INT_CONVERSION = YES;
				CLANG_WARN_NON_LITERAL_NULL_CONVERSION = YES;
				CLANG_WARN_OBJC_IMPLICIT_RETAIN_SELF = YES;
				CLANG_WARN_OBJC_LITERAL_CONVERSION = YES;
				CLANG_WARN_OBJC_ROOT_CLASS = YES_ERROR;
				CLANG_WARN_RANGE_LOOP_ANALYSIS = YES;
				CLANG_WARN_STRICT_PROTOTYPES = YES;
				CLANG_WARN_SUSPICIOUS_MOVE = YES;
				CLANG_WARN_UNGUARDED_AVAILABILITY = YES_AGGRESSIVE;
				CLANG_WARN_UNREACHABLE_CODE = YES;
				CLANG_WARN__DUPLICATE_METHOD_MATCH = YES;
				COPY_PHASE_STRIP = NO;
				DEBUG_INFORMATION_FORMAT = dwarf;
				ENABLE_STRICT_OBJC_MSGSEND = YES;
				ENABLE_TESTABILITY = YES;
				GCC_C_LANGUAGE_STANDARD = gnu11;
				GCC_DYNAMIC_NO_PIC = NO;
				GCC_NO_COMMON_BLOCKS = YES;
				GCC_OPTIMIZATION_LEVEL = 0;
				GCC_PREPROCESSOR_DEFINITIONS = (
					"DEBUG=1",
					"$(inherited)",
				);
				GCC_WARN_64_TO_32_BIT_CONVERSION = YES;
				GCC_WARN_ABOUT_RETURN_TYPE = YES_ERROR;
				GCC_WARN_UNDECLARED_SELECTOR = YES;
				GCC_WARN_UNINITIALIZED_AUTOS = YES_AGGRESSIVE;
				GCC_WARN_UNUSED_FUNCTION = YES;
				GCC_WARN_UNUSED_VARIABLE = YES;
				IPHONEOS_DEPLOYMENT_TARGET = 13.0;
				MTL_ENABLE_DEBUG_INFO = INCLUDE_SOURCE;
				MTL_FAST_MATH = YES;
				ONLY_ACTIVE_ARCH = YES;
				SDKROOT = iphoneos;
				SWIFT_ACTIVE_COMPILATION_CONDITIONS = DEBUG;
				SWIFT_OPTIMIZATION_LEVEL = "-Onone";
			};
			name = Debug;
		};
		D1EA2242243613DC00E3F18B /* Release */ = {
			isa = XCBuildConfiguration;
			buildSettings = {
				ALWAYS_SEARCH_USER_PATHS = NO;
				CLANG_ANALYZER_LOCALIZABILITY_NONLOCALIZED = YES;
				CLANG_ANALYZER_NONNULL = YES;
				CLANG_ANALYZER_NUMBER_OBJECT_CONVERSION = YES_AGGRESSIVE;
				CLANG_CXX_LANGUAGE_STANDARD = "gnu++14";
				CLANG_CXX_LIBRARY = "libc++";
				CLANG_ENABLE_MODULES = YES;
				CLANG_ENABLE_OBJC_ARC = YES;
				CLANG_ENABLE_OBJC_WEAK = YES;
				CLANG_WARN_BLOCK_CAPTURE_AUTORELEASING = YES;
				CLANG_WARN_BOOL_CONVERSION = YES;
				CLANG_WARN_COMMA = YES;
				CLANG_WARN_CONSTANT_CONVERSION = YES;
				CLANG_WARN_DEPRECATED_OBJC_IMPLEMENTATIONS = YES;
				CLANG_WARN_DIRECT_OBJC_ISA_USAGE = YES_ERROR;
				CLANG_WARN_DOCUMENTATION_COMMENTS = YES;
				CLANG_WARN_EMPTY_BODY = YES;
				CLANG_WARN_ENUM_CONVERSION = YES;
				CLANG_WARN_INFINITE_RECURSION = YES;
				CLANG_WARN_INT_CONVERSION = YES;
				CLANG_WARN_NON_LITERAL_NULL_CONVERSION = YES;
				CLANG_WARN_OBJC_IMPLICIT_RETAIN_SELF = YES;
				CLANG_WARN_OBJC_LITERAL_CONVERSION = YES;
				CLANG_WARN_OBJC_ROOT_CLASS = YES_ERROR;
				CLANG_WARN_RANGE_LOOP_ANALYSIS = YES;
				CLANG_WARN_STRICT_PROTOTYPES = YES;
				CLANG_WARN_SUSPICIOUS_MOVE = YES;
				CLANG_WARN_UNGUARDED_AVAILABILITY = YES_AGGRESSIVE;
				CLANG_WARN_UNREACHABLE_CODE = YES;
				CLANG_WARN__DUPLICATE_METHOD_MATCH = YES;
				COPY_PHASE_STRIP = NO;
				DEBUG_INFORMATION_FORMAT = "dwarf-with-dsym";
				ENABLE_NS_ASSERTIONS = NO;
				ENABLE_STRICT_OBJC_MSGSEND = YES;
				GCC_C_LANGUAGE_STANDARD = gnu11;
				GCC_NO_COMMON_BLOCKS = YES;
				GCC_WARN_64_TO_32_BIT_CONVERSION = YES;
				GCC_WARN_ABOUT_RETURN_TYPE = YES_ERROR;
				GCC_WARN_UNDECLARED_SELECTOR = YES;
				GCC_WARN_UNINITIALIZED_AUTOS = YES_AGGRESSIVE;
				GCC_WARN_UNUSED_FUNCTION = YES;
				GCC_WARN_UNUSED_VARIABLE = YES;
				IPHONEOS_DEPLOYMENT_TARGET = 13.0;
				MTL_ENABLE_DEBUG_INFO = NO;
				MTL_FAST_MATH = YES;
				SDKROOT = iphoneos;
				SWIFT_COMPILATION_MODE = wholemodule;
				SWIFT_OPTIMIZATION_LEVEL = "-O";
				VALIDATE_PRODUCT = YES;
			};
			name = Release;
		};
		D1EA2244243613DC00E3F18B /* Debug */ = {
			isa = XCBuildConfiguration;
			baseConfigurationReference = 761A59F57C1E46A2CE654C4B /* Pods-TemperatureSensor.debug.xcconfig */;
			buildSettings = {
				ASSETCATALOG_COMPILER_APPICON_NAME = AppIcon;
				CODE_SIGN_ENTITLEMENTS = TemperatureSensor/TemperatureSensor.entitlements;
				CODE_SIGN_STYLE = Automatic;
				DEVELOPMENT_ASSET_PATHS = "\"TemperatureSensor/Preview Content\"";
				DEVELOPMENT_TEAM = 59BWRK25DR;
				ENABLE_PREVIEWS = YES;
				INFOPLIST_FILE = TemperatureSensor/Info.plist;
				LD_RUNPATH_SEARCH_PATHS = (
					"$(inherited)",
					"@executable_path/Frameworks",
				);
				PRODUCT_BUNDLE_IDENTIFIER = com.esobol.TemperatureSensor;
				PRODUCT_NAME = "$(TARGET_NAME)";
				SUPPORTS_MACCATALYST = NO;
				SWIFT_VERSION = 5.0;
				TARGETED_DEVICE_FAMILY = "1,2";
			};
			name = Debug;
		};
		D1EA2245243613DC00E3F18B /* Release */ = {
			isa = XCBuildConfiguration;
			baseConfigurationReference = 78599C81C34D9A4F32F5EBD3 /* Pods-TemperatureSensor.release.xcconfig */;
			buildSettings = {
				ASSETCATALOG_COMPILER_APPICON_NAME = AppIcon;
				CODE_SIGN_ENTITLEMENTS = TemperatureSensor/TemperatureSensor.entitlements;
				CODE_SIGN_STYLE = Automatic;
				DEVELOPMENT_ASSET_PATHS = "\"TemperatureSensor/Preview Content\"";
				DEVELOPMENT_TEAM = 59BWRK25DR;
				ENABLE_PREVIEWS = YES;
				INFOPLIST_FILE = TemperatureSensor/Info.plist;
				LD_RUNPATH_SEARCH_PATHS = (
					"$(inherited)",
					"@executable_path/Frameworks",
				);
				PRODUCT_BUNDLE_IDENTIFIER = com.esobol.TemperatureSensor;
				PRODUCT_NAME = "$(TARGET_NAME)";
				SUPPORTS_MACCATALYST = NO;
				SWIFT_VERSION = 5.0;
				TARGETED_DEVICE_FAMILY = "1,2";
			};
			name = Release;
		};
/* End XCBuildConfiguration section */

/* Begin XCConfigurationList section */
		D1EA222A243613D800E3F18B /* Build configuration list for PBXProject "TemperatureSensor" */ = {
			isa = XCConfigurationList;
			buildConfigurations = (
				D1EA2241243613DC00E3F18B /* Debug */,
				D1EA2242243613DC00E3F18B /* Release */,
			);
			defaultConfigurationIsVisible = 0;
			defaultConfigurationName = Release;
		};
		D1EA2243243613DC00E3F18B /* Build configuration list for PBXNativeTarget "TemperatureSensor" */ = {
			isa = XCConfigurationList;
			buildConfigurations = (
				D1EA2244243613DC00E3F18B /* Debug */,
				D1EA2245243613DC00E3F18B /* Release */,
			);
			defaultConfigurationIsVisible = 0;
			defaultConfigurationName = Release;
		};
/* End XCConfigurationList section */
	};
	rootObject = D1EA2227243613D800E3F18B /* Project object */;
}
